
Microsoft Visual Studio Solution File, Format Version 12.00
# Visual Studio Version 17
VisualStudioVersion = 17.2.32630.192
MinimumVisualStudioVersion = 10.0.40219.1
Project("{FAE04EC0-301F-11D3-BF4B-00C04F79EFBC}") = "Schedule", "Schedule\Schedule.csproj", "{A3DE0422-813F-4FFE-8745-530EA43204DE}"
EndProject
Global
	GlobalSection(SolutionConfigurationPlatforms) = preSolution
		Debug|Any CPU = Debug|Any CPU
		Release|Any CPU = Release|Any CPU
	EndGlobalSection
	GlobalSection(ProjectConfigurationPlatforms) = postSolution
		{A3DE0422-813F-4FFE-8745-530EA43204DE}.Debug|Any CPU.ActiveCfg = Debug|Any CPU
		{A3DE0422-813F-4FFE-8745-530EA43204DE}.Debug|Any CPU.Build.0 = Debug|Any CPU
		{A3DE0422-813F-4FFE-8745-530EA43204DE}.Release|Any CPU.ActiveCfg = Release|Any CPU
		{A3DE0422-813F-4FFE-8745-530EA43204DE}.Release|Any CPU.Build.0 = Release|Any CPU
	EndGlobalSection
	GlobalSection(SolutionProperties) = preSolution
		HideSolutionNode = FALSE
	EndGlobalSection
	GlobalSection(ExtensibilityGlobals) = postSolution
		SolutionGuid = {ACFFBB87-8590-4078-AEAB-EE09694F84F4}
	EndGlobalSection
EndGlobal
