
Microsoft Visual Studio Solution File, Format Version 12.00
# Visual Studio Version 17
VisualStudioVersion = 17.2.32630.192
MinimumVisualStudioVersion = 10.0.40219.1
Project("{9A19103F-16F7-4668-BE54-9A1E7A4F7556}") = "TYPO", "Schedule\TYPO.csproj", "{A3DE0422-813F-4FFE-8745-530EA43204DE}"
EndProject
Project("{9A19103F-16F7-4668-BE54-9A1E7A4F7556}") = "ApplicationCore", "ApplicationCore\ApplicationCore.csproj", "{01034DFA-94E8-4F82-9F70-F5F77526A9CF}"
EndProject
Project("{9A19103F-16F7-4668-BE54-9A1E7A4F7556}") = "Query", "Query\Query.csproj", "{E006883F-BC98-45AB-A418-91F668E58911}"
EndProject
Project("{9A19103F-16F7-4668-BE54-9A1E7A4F7556}") = "Command", "Command\Command.csproj", "{E62C2760-EA80-4545-AB4A-259367EB6DC2}"
EndProject
Project("{2150E333-8FDC-42A3-9474-1A3956D46DE8}") = "Tests", "Tests", "{AA3773E7-881C-46CE-89C7-8766E4F1394D}"
EndProject
Project("{2150E333-8FDC-42A3-9474-1A3956D46DE8}") = "QueryHandlerTests", "QueryHandlerTests", "{78BAEB36-7148-4534-80FB-4379AB996BC4}"
EndProject
Project("{9A19103F-16F7-4668-BE54-9A1E7A4F7556}") = "AppTests", "AppTests\AppTests.csproj", "{CFE67C42-C700-47EB-8333-2AC983C6BD8D}"
EndProject
Global
	GlobalSection(SolutionConfigurationPlatforms) = preSolution
		Debug|Any CPU = Debug|Any CPU
		Release|Any CPU = Release|Any CPU
	EndGlobalSection
	GlobalSection(ProjectConfigurationPlatforms) = postSolution
		{A3DE0422-813F-4FFE-8745-530EA43204DE}.Debug|Any CPU.ActiveCfg = Debug|Any CPU
		{A3DE0422-813F-4FFE-8745-530EA43204DE}.Debug|Any CPU.Build.0 = Debug|Any CPU
		{A3DE0422-813F-4FFE-8745-530EA43204DE}.Release|Any CPU.ActiveCfg = Release|Any CPU
		{A3DE0422-813F-4FFE-8745-530EA43204DE}.Release|Any CPU.Build.0 = Release|Any CPU
		{01034DFA-94E8-4F82-9F70-F5F77526A9CF}.Debug|Any CPU.ActiveCfg = Debug|Any CPU
		{01034DFA-94E8-4F82-9F70-F5F77526A9CF}.Debug|Any CPU.Build.0 = Debug|Any CPU
		{01034DFA-94E8-4F82-9F70-F5F77526A9CF}.Release|Any CPU.ActiveCfg = Release|Any CPU
		{01034DFA-94E8-4F82-9F70-F5F77526A9CF}.Release|Any CPU.Build.0 = Release|Any CPU
		{E006883F-BC98-45AB-A418-91F668E58911}.Debug|Any CPU.ActiveCfg = Debug|Any CPU
		{E006883F-BC98-45AB-A418-91F668E58911}.Debug|Any CPU.Build.0 = Debug|Any CPU
		{E006883F-BC98-45AB-A418-91F668E58911}.Release|Any CPU.ActiveCfg = Release|Any CPU
		{E006883F-BC98-45AB-A418-91F668E58911}.Release|Any CPU.Build.0 = Release|Any CPU
		{E62C2760-EA80-4545-AB4A-259367EB6DC2}.Debug|Any CPU.ActiveCfg = Debug|Any CPU
		{E62C2760-EA80-4545-AB4A-259367EB6DC2}.Debug|Any CPU.Build.0 = Debug|Any CPU
		{E62C2760-EA80-4545-AB4A-259367EB6DC2}.Release|Any CPU.ActiveCfg = Release|Any CPU
		{E62C2760-EA80-4545-AB4A-259367EB6DC2}.Release|Any CPU.Build.0 = Release|Any CPU
		{CFE67C42-C700-47EB-8333-2AC983C6BD8D}.Debug|Any CPU.ActiveCfg = Debug|Any CPU
		{CFE67C42-C700-47EB-8333-2AC983C6BD8D}.Debug|Any CPU.Build.0 = Debug|Any CPU
		{CFE67C42-C700-47EB-8333-2AC983C6BD8D}.Release|Any CPU.ActiveCfg = Release|Any CPU
		{CFE67C42-C700-47EB-8333-2AC983C6BD8D}.Release|Any CPU.Build.0 = Release|Any CPU
	EndGlobalSection
	GlobalSection(SolutionProperties) = preSolution
		HideSolutionNode = FALSE
	EndGlobalSection
	GlobalSection(NestedProjects) = preSolution
		{78BAEB36-7148-4534-80FB-4379AB996BC4} = {AA3773E7-881C-46CE-89C7-8766E4F1394D}
		{CFE67C42-C700-47EB-8333-2AC983C6BD8D} = {AA3773E7-881C-46CE-89C7-8766E4F1394D}
	EndGlobalSection
	GlobalSection(ExtensibilityGlobals) = postSolution
		SolutionGuid = {ACFFBB87-8590-4078-AEAB-EE09694F84F4}
	EndGlobalSection
EndGlobal
